{
  "requires": true,
  "lockfileVersion": 1,
  "dependencies": {
    "jsbarcode": {
      "version": "3.8.0",
      "resolved": "https://registry.npmjs.org/jsbarcode/-/jsbarcode-3.8.0.tgz",
      "integrity": "sha1-opA3mnRJ+5J/JtJrMZwkvy3ryPw="
    },
    "ngx-barcode": {
      "version": "0.2.4",
      "resolved": "https://registry.npmjs.org/ngx-barcode/-/ngx-barcode-0.2.4.tgz",
      "integrity": "sha1-Zm4zfVnNctk7g27emkAr9dsI/6o=",
      "requires": {
        "jsbarcode": "3.8.0"
      }
    },
    "rxjs": {
      "version": "5.5.2",
      "resolved": "https://registry.npmjs.org/rxjs/-/rxjs-5.5.2.tgz",
      "integrity": "sha512-oRYoIKWBU3Ic37fLA5VJu31VqQO4bWubRntcHSJ+cwaDQBwdnZ9x4zmhJfm/nFQ2E82/I4loSioHnACamrKGgA==",
      "requires": {
        "symbol-observable": "1.0.4"
      }
    },
    "symbol-observable": {
      "version": "1.0.4",
      "resolved": "https://registry.npmjs.org/symbol-observable/-/symbol-observable-1.0.4.tgz",
      "integrity": "sha1-Kb9hXUqnEhvdiYsi1LP5vE4qoD0="
    },
    "tslib": {
      "version": "1.8.0",
      "resolved": "https://registry.npmjs.org/tslib/-/tslib-1.8.0.tgz",
      "integrity": "sha512-ymKWWZJST0/CkgduC2qkzjMOWr4bouhuURNXCn/inEX0L57BnRG6FhX76o7FOnsjHazCjfU2LKeSrlS2sIKQJg=="
    },
    "zone.js": {
      "version": "0.8.18",
      "resolved": "https://registry.npmjs.org/zone.js/-/zone.js-0.8.18.tgz",
      "integrity": "sha512-knKOBQM0oea3/x9pdyDuDi7RhxDlJhOIkeixXSiTKWLgs4LpK37iBc+1HaHwzlciHUKT172CymJFKo8Xgh+44Q=="
    }
  }
}
